
Microsoft Visual Studio Solution File, Format Version 11.00
# Visual Studio 2010
Project("{8BC9CEB8-8B4A-11D0-8D11-00A0C91BC942}") = "Peps", "Peps\Peps.vcxproj", "{A68B74DC-51F8-48BD-A604-D22BA86AE3A7}"
EndProject
Project("{FAE04EC0-301F-11D3-BF4B-00C04F79EFBC}") = "GraphTest", "GraphTest\GraphTest.csproj", "{7CDEC5A1-7072-4280-B4A0-6F9C9618A10E}"
EndProject
Project("{FAE04EC0-301F-11D3-BF4B-00C04F79EFBC}") = "DALAssetDotNet", "DALAssetDotNet\DALAssetDotNet.csproj", "{8E15D056-78DA-4717-8F0B-FCEC19ED229F}"
EndProject
Project("{8BC9CEB8-8B4A-11D0-8D11-00A0C91BC942}") = "Wrapper", "Wrapper\Wrapper.vcxproj", "{D5EC5624-EC24-499C-A0A0-B4C3443DAA8A}"
EndProject
Project("{FAE04EC0-301F-11D3-BF4B-00C04F79EFBC}") = "TestWrapper", "TestWrapper\TestWrapper.csproj", "{7E01E9C3-5521-443F-9F94-1D891C10B2AD}"
EndProject
Project("{FAE04EC0-301F-11D3-BF4B-00C04F79EFBC}") = "PepsClient", "PepsClient\PepsClient.csproj", "{F7F78D7F-25C2-4E2F-BE29-4D1C0342BA63}"
	ProjectSection(ProjectDependencies) = postProject
		{8E15D056-78DA-4717-8F0B-FCEC19ED229F} = {8E15D056-78DA-4717-8F0B-FCEC19ED229F}
	EndProjectSection
EndProject
Global
	GlobalSection(SolutionConfigurationPlatforms) = preSolution
		Debug|Any CPU = Debug|Any CPU
		Debug|Mixed Platforms = Debug|Mixed Platforms
		Debug|Win32 = Debug|Win32
		Debug|x86 = Debug|x86
		Release|Any CPU = Release|Any CPU
		Release|Mixed Platforms = Release|Mixed Platforms
		Release|Win32 = Release|Win32
		Release|x86 = Release|x86
	EndGlobalSection
	GlobalSection(ProjectConfigurationPlatforms) = postSolution
		{A68B74DC-51F8-48BD-A604-D22BA86AE3A7}.Debug|Any CPU.ActiveCfg = Debug|Win32
		{A68B74DC-51F8-48BD-A604-D22BA86AE3A7}.Debug|Mixed Platforms.ActiveCfg = Debug|Win32
		{A68B74DC-51F8-48BD-A604-D22BA86AE3A7}.Debug|Mixed Platforms.Build.0 = Debug|Win32
		{A68B74DC-51F8-48BD-A604-D22BA86AE3A7}.Debug|Win32.ActiveCfg = Debug|Win32
		{A68B74DC-51F8-48BD-A604-D22BA86AE3A7}.Debug|Win32.Build.0 = Debug|Win32
		{A68B74DC-51F8-48BD-A604-D22BA86AE3A7}.Debug|x86.ActiveCfg = Debug|Win32
		{A68B74DC-51F8-48BD-A604-D22BA86AE3A7}.Release|Any CPU.ActiveCfg = Release|Win32
		{A68B74DC-51F8-48BD-A604-D22BA86AE3A7}.Release|Mixed Platforms.ActiveCfg = Release|Win32
		{A68B74DC-51F8-48BD-A604-D22BA86AE3A7}.Release|Mixed Platforms.Build.0 = Release|Win32
		{A68B74DC-51F8-48BD-A604-D22BA86AE3A7}.Release|Win32.ActiveCfg = Release|Win32
		{A68B74DC-51F8-48BD-A604-D22BA86AE3A7}.Release|Win32.Build.0 = Release|Win32
		{A68B74DC-51F8-48BD-A604-D22BA86AE3A7}.Release|x86.ActiveCfg = Release|Win32
		{7CDEC5A1-7072-4280-B4A0-6F9C9618A10E}.Debug|Any CPU.ActiveCfg = Debug|x86
		{7CDEC5A1-7072-4280-B4A0-6F9C9618A10E}.Debug|Mixed Platforms.ActiveCfg = Debug|x86
		{7CDEC5A1-7072-4280-B4A0-6F9C9618A10E}.Debug|Mixed Platforms.Build.0 = Debug|x86
		{7CDEC5A1-7072-4280-B4A0-6F9C9618A10E}.Debug|Win32.ActiveCfg = Debug|x86
		{7CDEC5A1-7072-4280-B4A0-6F9C9618A10E}.Debug|x86.ActiveCfg = Debug|x86
		{7CDEC5A1-7072-4280-B4A0-6F9C9618A10E}.Debug|x86.Build.0 = Debug|x86
		{7CDEC5A1-7072-4280-B4A0-6F9C9618A10E}.Release|Any CPU.ActiveCfg = Release|x86
		{7CDEC5A1-7072-4280-B4A0-6F9C9618A10E}.Release|Mixed Platforms.ActiveCfg = Release|x86
		{7CDEC5A1-7072-4280-B4A0-6F9C9618A10E}.Release|Mixed Platforms.Build.0 = Release|x86
		{7CDEC5A1-7072-4280-B4A0-6F9C9618A10E}.Release|Win32.ActiveCfg = Release|x86
		{7CDEC5A1-7072-4280-B4A0-6F9C9618A10E}.Release|x86.ActiveCfg = Release|x86
		{7CDEC5A1-7072-4280-B4A0-6F9C9618A10E}.Release|x86.Build.0 = Release|x86
		{8E15D056-78DA-4717-8F0B-FCEC19ED229F}.Debug|Any CPU.ActiveCfg = Debug|Any CPU
		{8E15D056-78DA-4717-8F0B-FCEC19ED229F}.Debug|Any CPU.Build.0 = Debug|Any CPU
		{8E15D056-78DA-4717-8F0B-FCEC19ED229F}.Debug|Mixed Platforms.ActiveCfg = Debug|Any CPU
		{8E15D056-78DA-4717-8F0B-FCEC19ED229F}.Debug|Mixed Platforms.Build.0 = Debug|Any CPU
		{8E15D056-78DA-4717-8F0B-FCEC19ED229F}.Debug|Win32.ActiveCfg = Debug|Any CPU
		{8E15D056-78DA-4717-8F0B-FCEC19ED229F}.Debug|x86.ActiveCfg = Debug|Any CPU
		{8E15D056-78DA-4717-8F0B-FCEC19ED229F}.Release|Any CPU.ActiveCfg = Release|Any CPU
		{8E15D056-78DA-4717-8F0B-FCEC19ED229F}.Release|Any CPU.Build.0 = Release|Any CPU
		{8E15D056-78DA-4717-8F0B-FCEC19ED229F}.Release|Mixed Platforms.ActiveCfg = Release|Any CPU
		{8E15D056-78DA-4717-8F0B-FCEC19ED229F}.Release|Mixed Platforms.Build.0 = Release|Any CPU
		{8E15D056-78DA-4717-8F0B-FCEC19ED229F}.Release|Win32.ActiveCfg = Release|Any CPU
		{8E15D056-78DA-4717-8F0B-FCEC19ED229F}.Release|x86.ActiveCfg = Release|Any CPU
		{D5EC5624-EC24-499C-A0A0-B4C3443DAA8A}.Debug|Any CPU.ActiveCfg = Debug|Win32
		{D5EC5624-EC24-499C-A0A0-B4C3443DAA8A}.Debug|Mixed Platforms.ActiveCfg = Debug|Win32
		{D5EC5624-EC24-499C-A0A0-B4C3443DAA8A}.Debug|Mixed Platforms.Build.0 = Debug|Win32
		{D5EC5624-EC24-499C-A0A0-B4C3443DAA8A}.Debug|Win32.ActiveCfg = Debug|Win32
		{D5EC5624-EC24-499C-A0A0-B4C3443DAA8A}.Debug|Win32.Build.0 = Debug|Win32
		{D5EC5624-EC24-499C-A0A0-B4C3443DAA8A}.Debug|x86.ActiveCfg = Debug|Win32
		{D5EC5624-EC24-499C-A0A0-B4C3443DAA8A}.Release|Any CPU.ActiveCfg = Release|Win32
		{D5EC5624-EC24-499C-A0A0-B4C3443DAA8A}.Release|Mixed Platforms.ActiveCfg = Release|Win32
		{D5EC5624-EC24-499C-A0A0-B4C3443DAA8A}.Release|Mixed Platforms.Build.0 = Release|Win32
		{D5EC5624-EC24-499C-A0A0-B4C3443DAA8A}.Release|Win32.ActiveCfg = Release|Win32
		{D5EC5624-EC24-499C-A0A0-B4C3443DAA8A}.Release|Win32.Build.0 = Release|Win32
		{D5EC5624-EC24-499C-A0A0-B4C3443DAA8A}.Release|x86.ActiveCfg = Release|Win32
		{7E01E9C3-5521-443F-9F94-1D891C10B2AD}.Debug|Any CPU.ActiveCfg = Debug|x86
		{7E01E9C3-5521-443F-9F94-1D891C10B2AD}.Debug|Mixed Platforms.ActiveCfg = Debug|x86
		{7E01E9C3-5521-443F-9F94-1D891C10B2AD}.Debug|Mixed Platforms.Build.0 = Debug|x86
		{7E01E9C3-5521-443F-9F94-1D891C10B2AD}.Debug|Win32.ActiveCfg = Debug|x86
		{7E01E9C3-5521-443F-9F94-1D891C10B2AD}.Debug|x86.ActiveCfg = Debug|x86
		{7E01E9C3-5521-443F-9F94-1D891C10B2AD}.Debug|x86.Build.0 = Debug|x86
		{7E01E9C3-5521-443F-9F94-1D891C10B2AD}.Release|Any CPU.ActiveCfg = Release|x86
		{7E01E9C3-5521-443F-9F94-1D891C10B2AD}.Release|Mixed Platforms.ActiveCfg = Release|x86
		{7E01E9C3-5521-443F-9F94-1D891C10B2AD}.Release|Mixed Platforms.Build.0 = Release|x86
		{7E01E9C3-5521-443F-9F94-1D891C10B2AD}.Release|Win32.ActiveCfg = Release|x86
		{7E01E9C3-5521-443F-9F94-1D891C10B2AD}.Release|x86.ActiveCfg = Release|x86
		{7E01E9C3-5521-443F-9F94-1D891C10B2AD}.Release|x86.Build.0 = Release|x86
		{F7F78D7F-25C2-4E2F-BE29-4D1C0342BA63}.Debug|Any CPU.ActiveCfg = Debug|Any CPU
		{F7F78D7F-25C2-4E2F-BE29-4D1C0342BA63}.Debug|Any CPU.Build.0 = Debug|Any CPU
		{F7F78D7F-25C2-4E2F-BE29-4D1C0342BA63}.Debug|Mixed Platforms.ActiveCfg = Debug|Any CPU
		{F7F78D7F-25C2-4E2F-BE29-4D1C0342BA63}.Debug|Mixed Platforms.Build.0 = Debug|Any CPU
		{F7F78D7F-25C2-4E2F-BE29-4D1C0342BA63}.Debug|Win32.ActiveCfg = Debug|Any CPU
		{F7F78D7F-25C2-4E2F-BE29-4D1C0342BA63}.Debug|Win32.Build.0 = Debug|Any CPU
		{F7F78D7F-25C2-4E2F-BE29-4D1C0342BA63}.Debug|x86.ActiveCfg = Debug|Any CPU
		{F7F78D7F-25C2-4E2F-BE29-4D1C0342BA63}.Release|Any CPU.ActiveCfg = Release|Any CPU
		{F7F78D7F-25C2-4E2F-BE29-4D1C0342BA63}.Release|Any CPU.Build.0 = Release|Any CPU
		{F7F78D7F-25C2-4E2F-BE29-4D1C0342BA63}.Release|Mixed Platforms.ActiveCfg = Release|Any CPU
		{F7F78D7F-25C2-4E2F-BE29-4D1C0342BA63}.Release|Mixed Platforms.Build.0 = Release|Any CPU
		{F7F78D7F-25C2-4E2F-BE29-4D1C0342BA63}.Release|Win32.ActiveCfg = Release|Any CPU
		{F7F78D7F-25C2-4E2F-BE29-4D1C0342BA63}.Release|x86.ActiveCfg = Release|Any CPU
	EndGlobalSection
	GlobalSection(SolutionProperties) = preSolution
		HideSolutionNode = FALSE
	EndGlobalSection
EndGlobal
